{
  "nodes": {
    "golangci-lint-x86_64-darwin": {
      "flake": false,
      "locked": {
        "narHash": "sha256-+mls/tU56kRwQFkqWK7uQ12FhLDBvVSkujQgrn5H6Pc=",
        "type": "tarball",
        "url": "https://github.com/golangci/golangci-lint/releases/download/v1.49.0/golangci-lint-1.49.0-darwin-amd64.tar.gz"
      },
      "original": {
        "type": "tarball",
        "url": "https://github.com/golangci/golangci-lint/releases/download/v1.49.0/golangci-lint-1.49.0-darwin-amd64.tar.gz"
      }
    },
    "golangci-lint-x86_64-linux": {
      "flake": false,
      "locked": {
        "narHash": "sha256-YpQuzK73HPjqeaT2SsLkWMyUDhn+lz2tevt1bNwCl2c=",
        "type": "tarball",
        "url": "https://github.com/golangci/golangci-lint/releases/download/v1.49.0/golangci-lint-1.49.0-linux-amd64.tar.gz"
      },
      "original": {
        "type": "tarball",
        "url": "https://github.com/golangci/golangci-lint/releases/download/v1.49.0/golangci-lint-1.49.0-linux-amd64.tar.gz"
      }
    },
    "nixpkgs": {
      "locked": {
        "lastModified": 1670248078,
        "narHash": "sha256-NljfevA44layMfbGi16VoTak23/195MKazB9984U4L8=",
        "owner": "NixOS",
        "repo": "nixpkgs",
        "rev": "7e72265b08d4c60f414a0f3ab162e24648e84342",
        "type": "github"
      },
      "original": {
        "owner": "NixOS",
        "ref": "nixos-22.05",
        "repo": "nixpkgs",
        "type": "github"
      }
    },
    "root": {
      "inputs": {
        "golangci-lint-x86_64-darwin": "golangci-lint-x86_64-darwin",
        "golangci-lint-x86_64-linux": "golangci-lint-x86_64-linux",
        "nixpkgs": "nixpkgs"
      }
    }
  },
  "root": "root",
  "version": 7
}
