{
  "nodes": {
    "golangci-lint-x86_64-darwin": {
      "flake": false,
      "locked": {
        "narHash": "sha256-0xcARoNqS/7IoMbVcSGMDgplDpmTabBH2n8Wtt/5IZk=",
        "type": "tarball",
        "url": "https://github.com/golangci/golangci-lint/releases/download/v1.50.1/golangci-lint-1.50.1-darwin-amd64.tar.gz"
      },
      "original": {
        "type": "tarball",
        "url": "https://github.com/golangci/golangci-lint/releases/download/v1.50.1/golangci-lint-1.50.1-darwin-amd64.tar.gz"
      }
    },
    "golangci-lint-x86_64-linux": {
      "flake": false,
      "locked": {
        "narHash": "sha256-rl6nzwDl0GMhvdpejFgo2sTCwFE2NdbdqNut7cHvWA0=",
        "type": "tarball",
        "url": "https://github.com/golangci/golangci-lint/releases/download/v1.50.1/golangci-lint-1.50.1-linux-amd64.tar.gz"
      },
      "original": {
        "type": "tarball",
        "url": "https://github.com/golangci/golangci-lint/releases/download/v1.50.1/golangci-lint-1.50.1-linux-amd64.tar.gz"
      }
    },
    "nixpkgs": {
      "locked": {
        "lastModified": 1677543769,
        "narHash": "sha256-LwbqS8vGisXl2WHpK9r5+kodr0zoIT8F2YB0R4y1TsA=",
        "owner": "NixOS",
        "repo": "nixpkgs",
        "rev": "b26d52c9feb6476580016e78935cbf96eb3e2115",
        "type": "github"
      },
      "original": {
        "owner": "NixOS",
        "ref": "nixos-22.11",
        "repo": "nixpkgs",
        "type": "github"
      }
    },
    "root": {
      "inputs": {
        "golangci-lint-x86_64-darwin": "golangci-lint-x86_64-darwin",
        "golangci-lint-x86_64-linux": "golangci-lint-x86_64-linux",
        "nixpkgs": "nixpkgs"
      }
    }
  },
  "root": "root",
  "version": 7
}
